// !$*UTF8*$!
{
	archiveVersion = 1;
	classes = {
	};
	objectVersion = 50;
	objects = {

/* Begin PBXBuildFile section */
		271F2A682455B219007BC307 /* LoginRequest.swift in Sources */ = {isa = PBXBuildFile; fileRef = 271F2A672455B219007BC307 /* LoginRequest.swift */; };
		271F2A6A2455B38D007BC307 /* LoginValidation.swift in Sources */ = {isa = PBXBuildFile; fileRef = 271F2A692455B38D007BC307 /* LoginValidation.swift */; };
		271F2A6C2455B3BE007BC307 /* ValidationResult.swift in Sources */ = {isa = PBXBuildFile; fileRef = 271F2A6B2455B3BE007BC307 /* ValidationResult.swift */; };
		271F2A6E2455B571007BC307 /* LoginResource.swift in Sources */ = {isa = PBXBuildFile; fileRef = 271F2A6D2455B571007BC307 /* LoginResource.swift */; };
		271F2A702455B771007BC307 /* Common.swift in Sources */ = {isa = PBXBuildFile; fileRef = 271F2A6F2455B771007BC307 /* Common.swift */; };
		271F2A722455B7C9007BC307 /* HttpUtility.swift in Sources */ = {isa = PBXBuildFile; fileRef = 271F2A712455B7C9007BC307 /* HttpUtility.swift */; };
		2751855C243AF74100EF4BCD /* AppDelegate.swift in Sources */ = {isa = PBXBuildFile; fileRef = 2751855B243AF74100EF4BCD /* AppDelegate.swift */; };
		2751855E243AF74100EF4BCD /* SceneDelegate.swift in Sources */ = {isa = PBXBuildFile; fileRef = 2751855D243AF74100EF4BCD /* SceneDelegate.swift */; };
		27518560243AF74100EF4BCD /* ViewController.swift in Sources */ = {isa = PBXBuildFile; fileRef = 2751855F243AF74100EF4BCD /* ViewController.swift */; };
		27518563243AF74100EF4BCD /* Main.storyboard in Resources */ = {isa = PBXBuildFile; fileRef = 27518561243AF74100EF4BCD /* Main.storyboard */; };
		27518565243AF74700EF4BCD /* Assets.xcassets in Resources */ = {isa = PBXBuildFile; fileRef = 27518564243AF74700EF4BCD /* Assets.xcassets */; };
		27518568243AF74700EF4BCD /* LaunchScreen.storyboard in Resources */ = {isa = PBXBuildFile; fileRef = 27518566243AF74700EF4BCD /* LaunchScreen.storyboard */; };
		2753E1262455AFC300BC06D7 /* LoginViewModel.swift in Sources */ = {isa = PBXBuildFile; fileRef = 2753E1252455AFC300BC06D7 /* LoginViewModel.swift */; };
		2753E1282455B06500BC06D7 /* LoginResponse.swift in Sources */ = {isa = PBXBuildFile; fileRef = 2753E1272455B06500BC06D7 /* LoginResponse.swift */; };
/* End PBXBuildFile section */

/* Begin PBXFileReference section */
		271F2A672455B219007BC307 /* LoginRequest.swift */ = {isa = PBXFileReference; lastKnownFileType = sourcecode.swift; path = LoginRequest.swift; sourceTree = "<group>"; };
		271F2A692455B38D007BC307 /* LoginValidation.swift */ = {isa = PBXFileReference; lastKnownFileType = sourcecode.swift; path = LoginValidation.swift; sourceTree = "<group>"; };
		271F2A6B2455B3BE007BC307 /* ValidationResult.swift */ = {isa = PBXFileReference; lastKnownFileType = sourcecode.swift; path = ValidationResult.swift; sourceTree = "<group>"; };
		271F2A6D2455B571007BC307 /* LoginResource.swift */ = {isa = PBXFileReference; lastKnownFileType = sourcecode.swift; path = LoginResource.swift; sourceTree = "<group>"; };
		271F2A6F2455B771007BC307 /* Common.swift */ = {isa = PBXFileReference; lastKnownFileType = sourcecode.swift; path = Common.swift; sourceTree = "<group>"; };
		271F2A712455B7C9007BC307 /* HttpUtility.swift */ = {isa = PBXFileReference; lastKnownFileType = sourcecode.swift; path = HttpUtility.swift; sourceTree = "<group>"; };
		27518558243AF74100EF4BCD /* MVVM_Delegate.app */ = {isa = PBXFileReference; explicitFileType = wrapper.application; includeInIndex = 0; path = MVVM_Delegate.app; sourceTree = BUILT_PRODUCTS_DIR; };
		2751855B243AF74100EF4BCD /* AppDelegate.swift */ = {isa = PBXFileReference; lastKnownFileType = sourcecode.swift; path = AppDelegate.swift; sourceTree = "<group>"; };
		2751855D243AF74100EF4BCD /* SceneDelegate.swift */ = {isa = PBXFileReference; lastKnownFileType = sourcecode.swift; path = SceneDelegate.swift; sourceTree = "<group>"; };
		2751855F243AF74100EF4BCD /* ViewController.swift */ = {isa = PBXFileReference; lastKnownFileType = sourcecode.swift; path = ViewController.swift; sourceTree = "<group>"; };
		27518562243AF74100EF4BCD /* Base */ = {isa = PBXFileReference; lastKnownFileType = file.storyboard; name = Base; path = Base.lproj/Main.storyboard; sourceTree = "<group>"; };
		27518564243AF74700EF4BCD /* Assets.xcassets */ = {isa = PBXFileReference; lastKnownFileType = folder.assetcatalog; path = Assets.xcassets; sourceTree = "<group>"; };
		27518567243AF74700EF4BCD /* Base */ = {isa = PBXFileReference; lastKnownFileType = file.storyboard; name = Base; path = Base.lproj/LaunchScreen.storyboard; sourceTree = "<group>"; };
		27518569243AF74700EF4BCD /* Info.plist */ = {isa = PBXFileReference; lastKnownFileType = text.plist.xml; path = Info.plist; sourceTree = "<group>"; };
		2753E1252455AFC300BC06D7 /* LoginViewModel.swift */ = {isa = PBXFileReference; lastKnownFileType = sourcecode.swift; path = LoginViewModel.swift; sourceTree = "<group>"; };
		2753E1272455B06500BC06D7 /* LoginResponse.swift */ = {isa = PBXFileReference; lastKnownFileType = sourcecode.swift; path = LoginResponse.swift; sourceTree = "<group>"; };
/* End PBXFileReference section */

/* Begin PBXFrameworksBuildPhase section */
		27518555243AF74100EF4BCD /* Frameworks */ = {
			isa = PBXFrameworksBuildPhase;
			buildActionMask = 2147483647;
			files = (
			);
			runOnlyForDeploymentPostprocessing = 0;
		};
/* End PBXFrameworksBuildPhase section */

/* Begin PBXGroup section */
		2751854F243AF74100EF4BCD = {
			isa = PBXGroup;
			children = (
				2751855A243AF74100EF4BCD /* MVVM_Delegate */,
				27518559243AF74100EF4BCD /* Products */,
			);
			sourceTree = "<group>";
		};
		27518559243AF74100EF4BCD /* Products */ = {
			isa = PBXGroup;
			children = (
				27518558243AF74100EF4BCD /* MVVM_Delegate.app */,
			);
			name = Products;
			sourceTree = "<group>";
		};
		2751855A243AF74100EF4BCD /* MVVM_Delegate */ = {
			isa = PBXGroup;
			children = (
				2753E1242455AA9300BC06D7 /* Services */,
				2753E1232455AA7E00BC06D7 /* Validation */,
				2753E1222455AA7000BC06D7 /* DataResources */,
				2753E1212455AA6600BC06D7 /* Common */,
				2753E11F2455AA3D00BC06D7 /* Model */,
				2753E11E2455AA2E00BC06D7 /* View */,
				2753E1202455AA4700BC06D7 /* ViewModel */,
				2751855D243AF74100EF4BCD /* SceneDelegate.swift */,
				2751855B243AF74100EF4BCD /* AppDelegate.swift */,
				27518561243AF74100EF4BCD /* Main.storyboard */,
				27518564243AF74700EF4BCD /* Assets.xcassets */,
				27518566243AF74700EF4BCD /* LaunchScreen.storyboard */,
				27518569243AF74700EF4BCD /* Info.plist */,
			);
			path = MVVM_Delegate;
			sourceTree = "<group>";
		};
		2753E11E2455AA2E00BC06D7 /* View */ = {
			isa = PBXGroup;
			children = (
				2751855F243AF74100EF4BCD /* ViewController.swift */,
			);
			path = View;
			sourceTree = "<group>";
		};
		2753E11F2455AA3D00BC06D7 /* Model */ = {
			isa = PBXGroup;
			children = (
				2753E1272455B06500BC06D7 /* LoginResponse.swift */,
				271F2A672455B219007BC307 /* LoginRequest.swift */,
			);
			path = Model;
			sourceTree = "<group>";
		};
		2753E1202455AA4700BC06D7 /* ViewModel */ = {
			isa = PBXGroup;
			children = (
				2753E1252455AFC300BC06D7 /* LoginViewModel.swift */,
			);
			path = ViewModel;
			sourceTree = "<group>";
		};
		2753E1212455AA6600BC06D7 /* Common */ = {
			isa = PBXGroup;
			children = (
				271F2A6F2455B771007BC307 /* Common.swift */,
			);
			path = Common;
			sourceTree = "<group>";
		};
		2753E1222455AA7000BC06D7 /* DataResources */ = {
			isa = PBXGroup;
			children = (
				271F2A6D2455B571007BC307 /* LoginResource.swift */,
			);
			path = DataResources;
			sourceTree = "<group>";
		};
		2753E1232455AA7E00BC06D7 /* Validation */ = {
			isa = PBXGroup;
			children = (
				271F2A692455B38D007BC307 /* LoginValidation.swift */,
				271F2A6B2455B3BE007BC307 /* ValidationResult.swift */,
			);
			path = Validation;
			sourceTree = "<group>";
		};
		2753E1242455AA9300BC06D7 /* Services */ = {
			isa = PBXGroup;
			children = (
				271F2A712455B7C9007BC307 /* HttpUtility.swift */,
			);
			path = Services;
			sourceTree = "<group>";
		};
/* End PBXGroup section */

/* Begin PBXNativeTarget section */
		27518557243AF74100EF4BCD /* MVVM_Delegate */ = {
			isa = PBXNativeTarget;
			buildConfigurationList = 2751856C243AF74700EF4BCD /* Build configuration list for PBXNativeTarget "MVVM_Delegate" */;
			buildPhases = (
				27518554243AF74100EF4BCD /* Sources */,
				27518555243AF74100EF4BCD /* Frameworks */,
				27518556243AF74100EF4BCD /* Resources */,
			);
			buildRules = (
			);
			dependencies = (
			);
			name = MVVM_Delegate;
			productName = MVVM_Delegate;
			productReference = 27518558243AF74100EF4BCD /* MVVM_Delegate.app */;
			productType = "com.apple.product-type.application";
		};
/* End PBXNativeTarget section */

/* Begin PBXProject section */
		27518550243AF74100EF4BCD /* Project object */ = {
			isa = PBXProject;
			attributes = {
				LastSwiftUpdateCheck = 1120;
				LastUpgradeCheck = 1120;
				ORGANIZATIONNAME = Pradeep;
				TargetAttributes = {
					27518557243AF74100EF4BCD = {
						CreatedOnToolsVersion = 11.2.1;
					};
				};
			};
			buildConfigurationList = 27518553243AF74100EF4BCD /* Build configuration list for PBXProject "MVVM_Delegate" */;
			compatibilityVersion = "Xcode 9.3";
			developmentRegion = en;
			hasScannedForEncodings = 0;
			knownRegions = (
				en,
				Base,
			);
			mainGroup = 2751854F243AF74100EF4BCD;
			productRefGroup = 27518559243AF74100EF4BCD /* Products */;
			projectDirPath = "";
			projectRoot = "";
			targets = (
				27518557243AF74100EF4BCD /* MVVM_Delegate */,
			);
		};
/* End PBXProject section */

/* Begin PBXResourcesBuildPhase section */
		27518556243AF74100EF4BCD /* Resources */ = {
			isa = PBXResourcesBuildPhase;
			buildActionMask = 2147483647;
			files = (
				27518568243AF74700EF4BCD /* LaunchScreen.storyboard in Resources */,
				27518565243AF74700EF4BCD /* Assets.xcassets in Resources */,
				27518563243AF74100EF4BCD /* Main.storyboard in Resources */,
			);
			runOnlyForDeploymentPostprocessing = 0;
		};
/* End PBXResourcesBuildPhase section */

/* Begin PBXSourcesBuildPhase section */
		27518554243AF74100EF4BCD /* Sources */ = {
			isa = PBXSourcesBuildPhase;
			buildActionMask = 2147483647;
			files = (
				2753E1262455AFC300BC06D7 /* LoginViewModel.swift in Sources */,
				27518560243AF74100EF4BCD /* ViewController.swift in Sources */,
				2751855C243AF74100EF4BCD /* AppDelegate.swift in Sources */,
				271F2A6C2455B3BE007BC307 /* ValidationResult.swift in Sources */,
				271F2A6A2455B38D007BC307 /* LoginValidation.swift in Sources */,
				271F2A682455B219007BC307 /* LoginRequest.swift in Sources */,
				2751855E243AF74100EF4BCD /* SceneDelegate.swift in Sources */,
				271F2A6E2455B571007BC307 /* LoginResource.swift in Sources */,
				271F2A702455B771007BC307 /* Common.swift in Sources */,
				2753E1282455B06500BC06D7 /* LoginResponse.swift in Sources */,
				271F2A722455B7C9007BC307 /* HttpUtility.swift in Sources */,
			);
			runOnlyForDeploymentPostprocessing = 0;
		};
/* End PBXSourcesBuildPhase section */

/* Begin PBXVariantGroup section */
		27518561243AF74100EF4BCD /* Main.storyboard */ = {
			isa = PBXVariantGroup;
			children = (
				27518562243AF74100EF4BCD /* Base */,
			);
			name = Main.storyboard;
			sourceTree = "<group>";
		};
		27518566243AF74700EF4BCD /* LaunchScreen.storyboard */ = {
			isa = PBXVariantGroup;
			children = (
				27518567243AF74700EF4BCD /* Base */,
			);
			name = LaunchScreen.storyboard;
			sourceTree = "<group>";
		};
/* End PBXVariantGroup section */

/* Begin XCBuildConfiguration section */
		2751856A243AF74700EF4BCD /* Debug */ = {
			isa = XCBuildConfiguration;
			buildSettings = {
				ALWAYS_SEARCH_USER_PATHS = NO;
				CLANG_ANALYZER_NONNULL = YES;
				CLANG_ANALYZER_NUMBER_OBJECT_CONVERSION = YES_AGGRESSIVE;
				CLANG_CXX_LANGUAGE_STANDARD = "gnu++14";
				CLANG_CXX_LIBRARY = "libc++";
				CLANG_ENABLE_MODULES = YES;
				CLANG_ENABLE_OBJC_ARC = YES;
				CLANG_ENABLE_OBJC_WEAK = YES;
				CLANG_WARN_BLOCK_CAPTURE_AUTORELEASING = YES;
				CLANG_WARN_BOOL_CONVERSION = YES;
				CLANG_WARN_COMMA = YES;
				CLANG_WARN_CONSTANT_CONVERSION = YES;
				CLANG_WARN_DEPRECATED_OBJC_IMPLEMENTATIONS = YES;
				CLANG_WARN_DIRECT_OBJC_ISA_USAGE = YES_ERROR;
				CLANG_WARN_DOCUMENTATION_COMMENTS = YES;
				CLANG_WARN_EMPTY_BODY = YES;
				CLANG_WARN_ENUM_CONVERSION = YES;
				CLANG_WARN_INFINITE_RECURSION = YES;
				CLANG_WARN_INT_CONVERSION = YES;
				CLANG_WARN_NON_LITERAL_NULL_CONVERSION = YES;
				CLANG_WARN_OBJC_IMPLICIT_RETAIN_SELF = YES;
				CLANG_WARN_OBJC_LITERAL_CONVERSION = YES;
				CLANG_WARN_OBJC_ROOT_CLASS = YES_ERROR;
				CLANG_WARN_RANGE_LOOP_ANALYSIS = YES;
				CLANG_WARN_STRICT_PROTOTYPES = YES;
				CLANG_WARN_SUSPICIOUS_MOVE = YES;
				CLANG_WARN_UNGUARDED_AVAILABILITY = YES_AGGRESSIVE;
				CLANG_WARN_UNREACHABLE_CODE = YES;
				CLANG_WARN__DUPLICATE_METHOD_MATCH = YES;
				COPY_PHASE_STRIP = NO;
				DEBUG_INFORMATION_FORMAT = dwarf;
				ENABLE_STRICT_OBJC_MSGSEND = YES;
				ENABLE_TESTABILITY = YES;
				GCC_C_LANGUAGE_STANDARD = gnu11;
				GCC_DYNAMIC_NO_PIC = NO;
				GCC_NO_COMMON_BLOCKS = YES;
				GCC_OPTIMIZATION_LEVEL = 0;
				GCC_PREPROCESSOR_DEFINITIONS = (
					"DEBUG=1",
					"$(inherited)",
				);
				GCC_WARN_64_TO_32_BIT_CONVERSION = YES;
				GCC_WARN_ABOUT_RETURN_TYPE = YES_ERROR;
				GCC_WARN_UNDECLARED_SELECTOR = YES;
				GCC_WARN_UNINITIALIZED_AUTOS = YES_AGGRESSIVE;
				GCC_WARN_UNUSED_FUNCTION = YES;
				GCC_WARN_UNUSED_VARIABLE = YES;
				IPHONEOS_DEPLOYMENT_TARGET = 13.2;
				MTL_ENABLE_DEBUG_INFO = INCLUDE_SOURCE;
				MTL_FAST_MATH = YES;
				ONLY_ACTIVE_ARCH = YES;
				SDKROOT = iphoneos;
				SWIFT_ACTIVE_COMPILATION_CONDITIONS = DEBUG;
				SWIFT_OPTIMIZATION_LEVEL = "-Onone";
			};
			name = Debug;
		};
		2751856B243AF74700EF4BCD /* Release */ = {
			isa = XCBuildConfiguration;
			buildSettings = {
				ALWAYS_SEARCH_USER_PATHS = NO;
				CLANG_ANALYZER_NONNULL = YES;
				CLANG_ANALYZER_NUMBER_OBJECT_CONVERSION = YES_AGGRESSIVE;
				CLANG_CXX_LANGUAGE_STANDARD = "gnu++14";
				CLANG_CXX_LIBRARY = "libc++";
				CLANG_ENABLE_MODULES = YES;
				CLANG_ENABLE_OBJC_ARC = YES;
				CLANG_ENABLE_OBJC_WEAK = YES;
				CLANG_WARN_BLOCK_CAPTURE_AUTORELEASING = YES;
				CLANG_WARN_BOOL_CONVERSION = YES;
				CLANG_WARN_COMMA = YES;
				CLANG_WARN_CONSTANT_CONVERSION = YES;
				CLANG_WARN_DEPRECATED_OBJC_IMPLEMENTATIONS = YES;
				CLANG_WARN_DIRECT_OBJC_ISA_USAGE = YES_ERROR;
				CLANG_WARN_DOCUMENTATION_COMMENTS = YES;
				CLANG_WARN_EMPTY_BODY = YES;
				CLANG_WARN_ENUM_CONVERSION = YES;
				CLANG_WARN_INFINITE_RECURSION = YES;
				CLANG_WARN_INT_CONVERSION = YES;
				CLANG_WARN_NON_LITERAL_NULL_CONVERSION = YES;
				CLANG_WARN_OBJC_IMPLICIT_RETAIN_SELF = YES;
				CLANG_WARN_OBJC_LITERAL_CONVERSION = YES;
				CLANG_WARN_OBJC_ROOT_CLASS = YES_ERROR;
				CLANG_WARN_RANGE_LOOP_ANALYSIS = YES;
				CLANG_WARN_STRICT_PROTOTYPES = YES;
				CLANG_WARN_SUSPICIOUS_MOVE = YES;
				CLANG_WARN_UNGUARDED_AVAILABILITY = YES_AGGRESSIVE;
				CLANG_WARN_UNREACHABLE_CODE = YES;
				CLANG_WARN__DUPLICATE_METHOD_MATCH = YES;
				COPY_PHASE_STRIP = NO;
				DEBUG_INFORMATION_FORMAT = "dwarf-with-dsym";
				ENABLE_NS_ASSERTIONS = NO;
				ENABLE_STRICT_OBJC_MSGSEND = YES;
				GCC_C_LANGUAGE_STANDARD = gnu11;
				GCC_NO_COMMON_BLOCKS = YES;
				GCC_WARN_64_TO_32_BIT_CONVERSION = YES;
				GCC_WARN_ABOUT_RETURN_TYPE = YES_ERROR;
				GCC_WARN_UNDECLARED_SELECTOR = YES;
				GCC_WARN_UNINITIALIZED_AUTOS = YES_AGGRESSIVE;
				GCC_WARN_UNUSED_FUNCTION = YES;
				GCC_WARN_UNUSED_VARIABLE = YES;
				IPHONEOS_DEPLOYMENT_TARGET = 13.2;
				MTL_ENABLE_DEBUG_INFO = NO;
				MTL_FAST_MATH = YES;
				SDKROOT = iphoneos;
				SWIFT_COMPILATION_MODE = wholemodule;
				SWIFT_OPTIMIZATION_LEVEL = "-O";
				VALIDATE_PRODUCT = YES;
			};
			name = Release;
		};
		2751856D243AF74700EF4BCD /* Debug */ = {
			isa = XCBuildConfiguration;
			buildSettings = {
				ASSETCATALOG_COMPILER_APPICON_NAME = AppIcon;
				CODE_SIGN_STYLE = Automatic;
				DEVELOPMENT_TEAM = 6BF9ZGVZZA;
				INFOPLIST_FILE = MVVM_Delegate/Info.plist;
				LD_RUNPATH_SEARCH_PATHS = (
					"$(inherited)",
					"@executable_path/Frameworks",
				);
				PRODUCT_BUNDLE_IDENTIFIER = "Home.MVVM-Delegate";
				PRODUCT_NAME = "$(TARGET_NAME)";
				SWIFT_VERSION = 5.0;
				TARGETED_DEVICE_FAMILY = "1,2";
			};
			name = Debug;
		};
		2751856E243AF74700EF4BCD /* Release */ = {
			isa = XCBuildConfiguration;
			buildSettings = {
				ASSETCATALOG_COMPILER_APPICON_NAME = AppIcon;
				CODE_SIGN_STYLE = Automatic;
				DEVELOPMENT_TEAM = 6BF9ZGVZZA;
				INFOPLIST_FILE = MVVM_Delegate/Info.plist;
				LD_RUNPATH_SEARCH_PATHS = (
					"$(inherited)",
					"@executable_path/Frameworks",
				);
				PRODUCT_BUNDLE_IDENTIFIER = "Home.MVVM-Delegate";
				PRODUCT_NAME = "$(TARGET_NAME)";
				SWIFT_VERSION = 5.0;
				TARGETED_DEVICE_FAMILY = "1,2";
			};
			name = Release;
		};
/* End XCBuildConfiguration section */

/* Begin XCConfigurationList section */
		27518553243AF74100EF4BCD /* Build configuration list for PBXProject "MVVM_Delegate" */ = {
			isa = XCConfigurationList;
			buildConfigurations = (
				2751856A243AF74700EF4BCD /* Debug */,
				2751856B243AF74700EF4BCD /* Release */,
			);
			defaultConfigurationIsVisible = 0;
			defaultConfigurationName = Release;
		};
		2751856C243AF74700EF4BCD /* Build configuration list for PBXNativeTarget "MVVM_Delegate" */ = {
			isa = XCConfigurationList;
			buildConfigurations = (
				2751856D243AF74700EF4BCD /* Debug */,
				2751856E243AF74700EF4BCD /* Release */,
			);
			defaultConfigurationIsVisible = 0;
			defaultConfigurationName = Release;
		};
/* End XCConfigurationList section */
	};
	rootObject = 27518550243AF74100EF4BCD /* Project object */;
}
